<?xml version="1.0" encoding="utf-8"?>
<Project ToolsVersion="4.0" xmlns="http://schemas.microsoft.com/developer/msbuild/2003">
  <ItemGroup>
    <Filter Include="Source Files">
      <UniqueIdentifier>{4FC737F1-C7A5-4376-A066-2A32D752A2FF}</UniqueIdentifier>
      <Extensions>cpp;c;cc;cxx;c++;cppm;ixx;def;odl;idl;hpj;bat;asm;asmx</Extensions>
    </Filter>
    <Filter Include="Header Files">
      <UniqueIdentifier>{93995380-89BD-4b04-88EB-625FBE52EBFB}</UniqueIdentifier>
      <Extensions>h;hh;hpp;hxx;h++;hm;inl;inc;ipp;xsd</Extensions>
    </Filter>
    <Filter Include="Resource Files">
      <UniqueIdentifier>{67DA6AB6-F800-4c08-8B7A-83BB121AAD01}</UniqueIdentifier>
      <Extensions>rc;ico;cur;bmp;dlg;rc2;rct;bin;rgs;gif;jpg;jpeg;jpe;resx;tiff;tif;png;wav;mfcribbon-ms</Extensions>
    </Filter>
    <Filter Include="Source Files\Engine">
      <UniqueIdentifier>{8257e114-648b-4134-aeae-0c3e1407325f}</UniqueIdentifier>
    </Filter>
    <Filter Include="Source Files\Engine\Src">
      <UniqueIdentifier>{3e97cc4d-8f88-4761-a4f8-041e23a23033}</UniqueIdentifier>
    </Filter>
    <Filter Include="Source Files\Engine\Renderer">
      <UniqueIdentifier>{c46e8ba6-7b42-42d4-aafe-6425fd93b0dd}</UniqueIdentifier>
    </Filter>
    <Filter Include="Header Files\Engine">
      <UniqueIdentifier>{1ed32f11-0097-43c0-a481-5b985da52601}</UniqueIdentifier>
    </Filter>
    <Filter Include="Header Files\Engine\Renderer">
      <UniqueIdentifier>{847cbfbe-0a3d-4fcf-bab6-6e475542bb0e}</UniqueIdentifier>
    </Filter>
    <Filter Include="Header Files\Engine\Tools">
      <UniqueIdentifier>{42ccfd3f-6696-42e0-bb62-cf2e35d7d703}</UniqueIdentifier>
    </Filter>
    <Filter Include="Source Files\Engine\Tools">
      <UniqueIdentifier>{1f42c9b1-8624-4442-8d85-ede484566de9}</UniqueIdentifier>
    </Filter>
    <Filter Include="Resource Files\Shaders">
      <UniqueIdentifier>{4d36b036-8b29-435e-aa21-ea8e13118e62}</UniqueIdentifier>
    </Filter>
    <Filter Include="Resource Files\Shaders\Standard">
      <UniqueIdentifier>{dc0f78c2-31ef-4631-a373-bdc21c03d84c}</UniqueIdentifier>
    </Filter>
    <Filter Include="Resource Files\Assets">
      <UniqueIdentifier>{f0333ad1-8c09-40b3-a194-3dcaf1a87fb0}</UniqueIdentifier>
    </Filter>
    <Filter Include="Resource Files\Assets\Engine">
      <UniqueIdentifier>{df875bdb-13f5-4815-b506-2e7247de4e4a}</UniqueIdentifier>
    </Filter>
    <Filter Include="Resource Files\Assets\Engine\Debug">
      <UniqueIdentifier>{12c56bd0-78bd-4161-8c33-264beb2caec2}</UniqueIdentifier>
    </Filter>
    <Filter Include="Resource Files\Assets\Engine\Debug\Textures">
      <UniqueIdentifier>{4f2aafe7-6bc4-429b-a602-9e604b9fda0b}</UniqueIdentifier>
    </Filter>
    <Filter Include="Source Files\imGUI">
      <UniqueIdentifier>{ca231572-7587-42a8-9c61-f6692c154b6c}</UniqueIdentifier>
    </Filter>
    <Filter Include="Header Files\imGUI">
      <UniqueIdentifier>{73bc3ad9-ffd8-43a8-b1a6-f2f75fc2db65}</UniqueIdentifier>
    </Filter>
    <Filter Include="Resource Files\Assets\Engine\Debug\Models">
      <UniqueIdentifier>{fb67cd0a-ed62-4666-a092-ea08c0b018bd}</UniqueIdentifier>
    </Filter>
    <Filter Include="Header Files\Engine\Mutables">
      <UniqueIdentifier>{34a8c9e1-6820-4ea0-906a-f22d0b51a424}</UniqueIdentifier>
    </Filter>
    <Filter Include="Source Files\Engine\Mutables">
      <UniqueIdentifier>{cee8e8de-ffa3-44be-b3e1-c56fe78fd74c}</UniqueIdentifier>
    </Filter>
  </ItemGroup>
  <ItemGroup>
    <ClCompile Include="glad.c">
      <Filter>Source Files</Filter>
    </ClCompile>
    <ClCompile Include="Main.cpp">
      <Filter>Source Files\Engine\Src</Filter>
    </ClCompile>
    <ClCompile Include="RubgldOpenGL.cpp">
      <Filter>Source Files\Engine\Renderer</Filter>
    </ClCompile>
    <ClCompile Include="ShaderLoader.cpp">
      <Filter>Source Files\Engine\Tools</Filter>
    </ClCompile>
    <ClCompile Include="Shader.cpp">
      <Filter>Source Files\Engine\Renderer</Filter>
    </ClCompile>
    <ClCompile Include="VBO.cpp">
      <Filter>Source Files\Engine\Tools</Filter>
    </ClCompile>
    <ClCompile Include="VAO.cpp">
      <Filter>Source Files\Engine\Tools</Filter>
    </ClCompile>
    <ClCompile Include="Mesh.cpp">
      <Filter>Source Files\Engine\Renderer</Filter>
    </ClCompile>
    <ClCompile Include="EntityRenderer.cpp">
      <Filter>Source Files\Engine\Renderer</Filter>
    </ClCompile>
    <ClCompile Include="stb.cpp">
      <Filter>Source Files\Engine\Tools</Filter>
    </ClCompile>
    <ClCompile Include="Model.cpp">
      <Filter>Source Files\Engine\Renderer</Filter>
    </ClCompile>
    <ClCompile Include="TextureLoader.cpp">
      <Filter>Source Files\Engine\Tools</Filter>
    </ClCompile>
    <ClCompile Include="Texture.cpp">
      <Filter>Source Files\Engine\Renderer</Filter>
    </ClCompile>
    <ClCompile Include="Entity.cpp">
      <Filter>Source Files\Engine\Renderer</Filter>
    </ClCompile>
    <ClCompile Include="Camera.cpp">
      <Filter>Source Files\Engine\Renderer</Filter>
    </ClCompile>
    <ClCompile Include="MeshLoader.cpp">
      <Filter>Source Files\Engine\Tools</Filter>
    </ClCompile>
    <ClCompile Include="imGUI\imgui_tables.cpp">
      <Filter>Source Files\imGUI</Filter>
    </ClCompile>
    <ClCompile Include="imGUI\imgui_widgets.cpp">
      <Filter>Source Files\imGUI</Filter>
    </ClCompile>
    <ClCompile Include="imGUI\imgui.cpp">
      <Filter>Source Files\imGUI</Filter>
    </ClCompile>
    <ClCompile Include="imGUI\imgui_demo.cpp">
      <Filter>Source Files\imGUI</Filter>
    </ClCompile>
    <ClCompile Include="imGUI\imgui_draw.cpp">
      <Filter>Source Files\imGUI</Filter>
    </ClCompile>
    <ClCompile Include="imGUI\imgui_impl_glfw.cpp">
      <Filter>Source Files\imGUI</Filter>
    </ClCompile>
    <ClCompile Include="imGUI\imgui_impl_opengl3.cpp">
      <Filter>Source Files\imGUI</Filter>
    </ClCompile>
    <ClCompile Include="DebugGUI.cpp">
      <Filter>Source Files\Engine\Renderer</Filter>
    </ClCompile>
    <ClCompile Include="Quad.cpp">
      <Filter>Source Files\Engine\Mutables</Filter>
    </ClCompile>
  </ItemGroup>
  <ItemGroup>
    <ClInclude Include="RubgldOpenGL.h">
      <Filter>Header Files\Engine\Renderer</Filter>
    </ClInclude>
    <ClInclude Include="ShaderLoader.h">
      <Filter>Header Files\Engine\Tools</Filter>
    </ClInclude>
    <ClInclude Include="Shader.h">
      <Filter>Header Files\Engine\Renderer</Filter>
    </ClInclude>
    <ClInclude Include="VBO.h">
      <Filter>Header Files\Engine\Tools</Filter>
    </ClInclude>
    <ClInclude Include="VAO.h">
      <Filter>Header Files\Engine\Tools</Filter>
    </ClInclude>
    <ClInclude Include="Mesh.h">
      <Filter>Header Files\Engine\Renderer</Filter>
    </ClInclude>
    <ClInclude Include="EntityRenderer.h">
      <Filter>Header Files\Engine\Renderer</Filter>
    </ClInclude>
    <ClInclude Include="Model.h">
      <Filter>Header Files\Engine\Renderer</Filter>
    </ClInclude>
    <ClInclude Include="TextureLoader.h">
      <Filter>Header Files\Engine\Tools</Filter>
    </ClInclude>
    <ClInclude Include="Texture.h">
      <Filter>Header Files\Engine\Renderer</Filter>
    </ClInclude>
    <ClInclude Include="Entity.h">
      <Filter>Header Files\Engine\Renderer</Filter>
    </ClInclude>
    <ClInclude Include="Camera.h">
      <Filter>Header Files\Engine\Renderer</Filter>
    </ClInclude>
    <ClInclude Include="MeshLoader.h">
      <Filter>Header Files\Engine\Tools</Filter>
    </ClInclude>
    <ClInclude Include="FileLoader.h">
      <Filter>Header Files\Engine\Tools</Filter>
    </ClInclude>
    <ClInclude Include="imGUI\imstb_textedit.h">
      <Filter>Header Files\imGUI</Filter>
    </ClInclude>
    <ClInclude Include="imGUI\imstb_truetype.h">
      <Filter>Header Files\imGUI</Filter>
    </ClInclude>
    <ClInclude Include="imGUI\imconfig.h">
      <Filter>Header Files\imGUI</Filter>
    </ClInclude>
    <ClInclude Include="imGUI\imgui.h">
      <Filter>Header Files\imGUI</Filter>
    </ClInclude>
    <ClInclude Include="imGUI\imgui_impl_glfw.h">
      <Filter>Header Files\imGUI</Filter>
    </ClInclude>
    <ClInclude Include="imGUI\imgui_impl_opengl3.h">
      <Filter>Header Files\imGUI</Filter>
    </ClInclude>
    <ClInclude Include="imGUI\imgui_internal.h">
      <Filter>Header Files\imGUI</Filter>
    </ClInclude>
    <ClInclude Include="imGUI\imstb_rectpack.h">
      <Filter>Header Files\imGUI</Filter>
    </ClInclude>
    <ClInclude Include="imGUI\imgui_impl_opengl3_loader.h">
      <Filter>Header Files\imGUI</Filter>
    </ClInclude>
    <ClInclude Include="DebugGUI.h">
      <Filter>Header Files\Engine\Renderer</Filter>
    </ClInclude>
    <ClInclude Include="Quad.h">
      <Filter>Header Files\Engine\Mutables</Filter>
    </ClInclude>
  </ItemGroup>
  <ItemGroup>
    <None Include="EntityVertexShader.vert">
      <Filter>Resource Files\Shaders\Standard</Filter>
    </None>
    <None Include="EntityFragmentShader.frag">
      <Filter>Resource Files\Shaders\Standard</Filter>
    </None>
    <None Include="test.fbx">
      <Filter>Resource Files\Assets\Engine\Debug\Models</Filter>
    </None>
  </ItemGroup>
  <ItemGroup>
    <Image Include="UV_TEST.png">
      <Filter>Resource Files\Assets\Engine\Debug\Textures</Filter>
    </Image>
    <Image Include="Background_Pink.png">
      <Filter>Resource Files\Assets\Engine\Debug\Textures</Filter>
    </Image>
    <Image Include="Background_White.png">
      <Filter>Resource Files\Assets\Engine\Debug\Textures</Filter>
    </Image>
    <Image Include="Background_Grey.png">
      <Filter>Resource Files\Assets\Engine\Debug\Textures</Filter>
    </Image>
  </ItemGroup>
</Project>